
Microsoft Visual Studio Solution File, Format Version 12.00
# Visual Studio Version 17
VisualStudioVersion = 17.11.35327.3
MinimumVisualStudioVersion = 10.0.40219.1
Project("{8BC9CEB8-8B4A-11D0-8D11-00A0C91BC942}") = "template_inheritance", "template_inheritance\template_inheritance.vcxproj", "{13E502F2-C036-4149-BE9C-79BCCF05AEAE}"
EndProject
Global
	GlobalSection(SolutionConfigurationPlatforms) = preSolution
		Debug|x64 = Debug|x64
		Debug|x86 = Debug|x86
		Release|x64 = Release|x64
		Release|x86 = Release|x86
	EndGlobalSection
	GlobalSection(ProjectConfigurationPlatforms) = postSolution
		{13E502F2-C036-4149-BE9C-79BCCF05AEAE}.Debug|x64.ActiveCfg = Debug|x64
		{13E502F2-C036-4149-BE9C-79BCCF05AEAE}.Debug|x64.Build.0 = Debug|x64
		{13E502F2-C036-4149-BE9C-79BCCF05AEAE}.Debug|x86.ActiveCfg = Debug|Win32
		{13E502F2-C036-4149-BE9C-79BCCF05AEAE}.Debug|x86.Build.0 = Debug|Win32
		{13E502F2-C036-4149-BE9C-79BCCF05AEAE}.Release|x64.ActiveCfg = Release|x64
		{13E502F2-C036-4149-BE9C-79BCCF05AEAE}.Release|x64.Build.0 = Release|x64
		{13E502F2-C036-4149-BE9C-79BCCF05AEAE}.Release|x86.ActiveCfg = Release|Win32
		{13E502F2-C036-4149-BE9C-79BCCF05AEAE}.Release|x86.Build.0 = Release|Win32
	EndGlobalSection
	GlobalSection(SolutionProperties) = preSolution
		HideSolutionNode = FALSE
	EndGlobalSection
	GlobalSection(ExtensibilityGlobals) = postSolution
		SolutionGuid = {803CAC13-D06A-4DE2-83C9-9DB4B721B501}
	EndGlobalSection
EndGlobal
